{
  "name": "ai-chat",
  "version": "1.0.0",
  "lockfileVersion": 3,
  "requires": true,
  "packages": {
    "": {
      "name": "ai-chat",
      "version": "1.0.0",
      "license": "ISC",
      "dependencies": {
        "@inworld/web-core": "^2.1.0"
      }
    },
    "node_modules/@inworld/web-core": {
      "version": "2.1.0",
      "resolved": "https://registry.npmjs.org/@inworld/web-core/-/web-core-2.1.0.tgz",
      "integrity": "sha512-GkzxFweZnfprSXlNVWAUpxNgV7l2DFf1fEJogOqgvsZzXJ6aK1WxmlJgXhXKUoIisYrN0zUww7k6r+cbAC99qg==",
      "dependencies": {
        "base64-arraybuffer": "^1.0.2",
        "defer-promise": "^3.0.0",
        "uuid": "^9.0.0"
      }
    },
    "node_modules/base64-arraybuffer": {
      "version": "1.0.2",
      "resolved": "https://registry.npmjs.org/base64-arraybuffer/-/base64-arraybuffer-1.0.2.tgz",
      "integrity": "sha512-I3yl4r9QB5ZRY3XuJVEPfc2XhZO6YweFPI+UovAzn+8/hb3oJ6lnysaFcjVpkCPfVWFUDvoZ8kmVDP7WyRtYtQ==",
      "engines": {
        "node": ">= 0.6.0"
      }
    },
    "node_modules/defer-promise": {
      "version": "3.0.0",
      "resolved": "https://registry.npmjs.org/defer-promise/-/defer-promise-3.0.0.tgz",
      "integrity": "sha512-GkmLfjdHisLJpzYWreon6j8s8d1EGGNF2Q1uniozoCO53BPXRD55Gs/huNhZDAgbsbL1xoTmxzTBDTSllMfKTQ==",
      "engines": {
        "node": ">=12.17"
      }
    },
    "node_modules/uuid": {
      "version": "9.0.1",
      "resolved": "https://registry.npmjs.org/uuid/-/uuid-9.0.1.tgz",
      "integrity": "sha512-b+1eJOlsR9K8HJpow9Ok3fiWOWSIcIzXodvv0rQjVoOVNpWMpxf1wZNpt4y9h10odCNrqnYp1OBzRktckBe3sA==",
      "funding": [
        "https://github.com/sponsors/broofa",
        "https://github.com/sponsors/ctavan"
      ],
      "bin": {
        "uuid": "dist/bin/uuid"
      }
    }
  }
}
